// !$*UTF8*$!
{
	archiveVersion = 1;
	classes = {
	};
	objectVersion = 56;
	objects = {

/* Begin PBXBuildFile section */
		3A776F2A291CC2F500F5936E /* AppDelegate.swift in Sources */ = {isa = PBXBuildFile; fileRef = 3A776F29291CC2F500F5936E /* AppDelegate.swift */; };
		3A776F2E291CC2F500F5936E /* MainViewController.swift in Sources */ = {isa = PBXBuildFile; fileRef = 3A776F2D291CC2F500F5936E /* MainViewController.swift */; };
		3A776F33291CC2F500F5936E /* Images.xcassets in Resources */ = {isa = PBXBuildFile; fileRef = 3A776F32291CC2F500F5936E /* Images.xcassets */; };
		3A776F36291CC2F500F5936E /* LaunchScreen.storyboard in Resources */ = {isa = PBXBuildFile; fileRef = 3A776F34291CC2F500F5936E /* LaunchScreen.storyboard */; };
		3A776F41291CC2F500F5936E /* MyPilatesTests.swift in Sources */ = {isa = PBXBuildFile; fileRef = 3A776F40291CC2F500F5936E /* MyPilatesTests.swift */; };
		3A776F4B291CC2F500F5936E /* MyPilatesUITests.swift in Sources */ = {isa = PBXBuildFile; fileRef = 3A776F4A291CC2F500F5936E /* MyPilatesUITests.swift */; };
		3A776F4D291CC2F500F5936E /* MyPilatesUITestsLaunchTests.swift in Sources */ = {isa = PBXBuildFile; fileRef = 3A776F4C291CC2F500F5936E /* MyPilatesUITestsLaunchTests.swift */; };
		3A776F5A291CC49700F5936E /* GoogleService-Info.plist in Resources */ = {isa = PBXBuildFile; fileRef = 3A776F59291CC49700F5936E /* GoogleService-Info.plist */; };
		3A776F5C291CD4F300F5936E /* SceneDelegate.swift in Sources */ = {isa = PBXBuildFile; fileRef = 3A776F5B291CD4F300F5936E /* SceneDelegate.swift */; };
		3A776F5F291CD69600F5936E /* BaseViewController.swift in Sources */ = {isa = PBXBuildFile; fileRef = 3A776F5E291CD69600F5936E /* BaseViewController.swift */; };
		3A776F63291CDA7500F5936E /* BaseView.swift in Sources */ = {isa = PBXBuildFile; fileRef = 3A776F62291CDA7500F5936E /* BaseView.swift */; };
		3A776F65291CE10700F5936E /* HasCustomView.swift in Sources */ = {isa = PBXBuildFile; fileRef = 3A776F64291CE10700F5936E /* HasCustomView.swift */; };
		3A776F67291CE11B00F5936E /* MainView.swift in Sources */ = {isa = PBXBuildFile; fileRef = 3A776F66291CE11B00F5936E /* MainView.swift */; };
		3A776F69291CE7E900F5936E /* ViewModelType.swift in Sources */ = {isa = PBXBuildFile; fileRef = 3A776F68291CE7E900F5936E /* ViewModelType.swift */; };
		3A776F6D291CE83000F5936E /* Colors.xcassets in Resources */ = {isa = PBXBuildFile; fileRef = 3A776F6C291CE83000F5936E /* Colors.xcassets */; };
		3A776F83291CEC7400F5936E /* R.generated.swift in Sources */ = {isa = PBXBuildFile; fileRef = 3A776F82291CEC7400F5936E /* R.generated.swift */; };
		744092247889EA493647F353 /* Pods_MyPilates_MyPilatesUITests.framework in Frameworks */ = {isa = PBXBuildFile; fileRef = E768F5FD6399EF3E6DCFCDC9 /* Pods_MyPilates_MyPilatesUITests.framework */; };
		80E1B748947B8CE947B489BD /* Pods_MyPilatesTests.framework in Frameworks */ = {isa = PBXBuildFile; fileRef = EA1C952779BACBF1EC280719 /* Pods_MyPilatesTests.framework */; };
		E23B2BE3E7920E9E87BD5053 /* Pods_MyPilates.framework in Frameworks */ = {isa = PBXBuildFile; fileRef = 72A47733FCECAF7D607E607F /* Pods_MyPilates.framework */; };
/* End PBXBuildFile section */

/* Begin PBXContainerItemProxy section */
		3A776F3D291CC2F500F5936E /* PBXContainerItemProxy */ = {
			isa = PBXContainerItemProxy;
			containerPortal = 3A776F1E291CC2F500F5936E /* Project object */;
			proxyType = 1;
			remoteGlobalIDString = 3A776F25291CC2F500F5936E;
			remoteInfo = MyPilates;
		};
		3A776F47291CC2F500F5936E /* PBXContainerItemProxy */ = {
			isa = PBXContainerItemProxy;
			containerPortal = 3A776F1E291CC2F500F5936E /* Project object */;
			proxyType = 1;
			remoteGlobalIDString = 3A776F25291CC2F500F5936E;
			remoteInfo = MyPilates;
		};
/* End PBXContainerItemProxy section */

/* Begin PBXFileReference section */
		3A776F26291CC2F500F5936E /* MyPilates.app */ = {isa = PBXFileReference; explicitFileType = wrapper.application; includeInIndex = 0; path = MyPilates.app; sourceTree = BUILT_PRODUCTS_DIR; };
		3A776F29291CC2F500F5936E /* AppDelegate.swift */ = {isa = PBXFileReference; lastKnownFileType = sourcecode.swift; path = AppDelegate.swift; sourceTree = "<group>"; };
		3A776F2D291CC2F500F5936E /* MainViewController.swift */ = {isa = PBXFileReference; lastKnownFileType = sourcecode.swift; path = MainViewController.swift; sourceTree = "<group>"; };
		3A776F32291CC2F500F5936E /* Images.xcassets */ = {isa = PBXFileReference; lastKnownFileType = folder.assetcatalog; path = Images.xcassets; sourceTree = "<group>"; };
		3A776F35291CC2F500F5936E /* Base */ = {isa = PBXFileReference; lastKnownFileType = file.storyboard; name = Base; path = Base.lproj/LaunchScreen.storyboard; sourceTree = "<group>"; };
		3A776F37291CC2F500F5936E /* Info.plist */ = {isa = PBXFileReference; lastKnownFileType = text.plist.xml; path = Info.plist; sourceTree = "<group>"; };
		3A776F3C291CC2F500F5936E /* MyPilatesTests.xctest */ = {isa = PBXFileReference; explicitFileType = wrapper.cfbundle; includeInIndex = 0; path = MyPilatesTests.xctest; sourceTree = BUILT_PRODUCTS_DIR; };
		3A776F40291CC2F500F5936E /* MyPilatesTests.swift */ = {isa = PBXFileReference; lastKnownFileType = sourcecode.swift; path = MyPilatesTests.swift; sourceTree = "<group>"; };
		3A776F46291CC2F500F5936E /* MyPilatesUITests.xctest */ = {isa = PBXFileReference; explicitFileType = wrapper.cfbundle; includeInIndex = 0; path = MyPilatesUITests.xctest; sourceTree = BUILT_PRODUCTS_DIR; };
		3A776F4A291CC2F500F5936E /* MyPilatesUITests.swift */ = {isa = PBXFileReference; lastKnownFileType = sourcecode.swift; path = MyPilatesUITests.swift; sourceTree = "<group>"; };
		3A776F4C291CC2F500F5936E /* MyPilatesUITestsLaunchTests.swift */ = {isa = PBXFileReference; lastKnownFileType = sourcecode.swift; path = MyPilatesUITestsLaunchTests.swift; sourceTree = "<group>"; };
		3A776F59291CC49700F5936E /* GoogleService-Info.plist */ = {isa = PBXFileReference; fileEncoding = 4; lastKnownFileType = text.plist.xml; path = "GoogleService-Info.plist"; sourceTree = "<group>"; };
		3A776F5B291CD4F300F5936E /* SceneDelegate.swift */ = {isa = PBXFileReference; lastKnownFileType = sourcecode.swift; path = SceneDelegate.swift; sourceTree = "<group>"; };
		3A776F5E291CD69600F5936E /* BaseViewController.swift */ = {isa = PBXFileReference; lastKnownFileType = sourcecode.swift; path = BaseViewController.swift; sourceTree = "<group>"; };
		3A776F62291CDA7500F5936E /* BaseView.swift */ = {isa = PBXFileReference; lastKnownFileType = sourcecode.swift; path = BaseView.swift; sourceTree = "<group>"; };
		3A776F64291CE10700F5936E /* HasCustomView.swift */ = {isa = PBXFileReference; lastKnownFileType = sourcecode.swift; path = HasCustomView.swift; sourceTree = "<group>"; };
		3A776F66291CE11B00F5936E /* MainView.swift */ = {isa = PBXFileReference; lastKnownFileType = sourcecode.swift; path = MainView.swift; sourceTree = "<group>"; };
		3A776F68291CE7E900F5936E /* ViewModelType.swift */ = {isa = PBXFileReference; lastKnownFileType = sourcecode.swift; path = ViewModelType.swift; sourceTree = "<group>"; };
		3A776F6C291CE83000F5936E /* Colors.xcassets */ = {isa = PBXFileReference; lastKnownFileType = folder.assetcatalog; path = Colors.xcassets; sourceTree = "<group>"; };
		3A776F82291CEC7400F5936E /* R.generated.swift */ = {isa = PBXFileReference; fileEncoding = 4; lastKnownFileType = sourcecode.swift; path = R.generated.swift; sourceTree = SOURCE_ROOT; };
		46DEB6794FDDC509C7F22317 /* Pods-MyPilates-MyPilatesUITests.debug.xcconfig */ = {isa = PBXFileReference; includeInIndex = 1; lastKnownFileType = text.xcconfig; name = "Pods-MyPilates-MyPilatesUITests.debug.xcconfig"; path = "Target Support Files/Pods-MyPilates-MyPilatesUITests/Pods-MyPilates-MyPilatesUITests.debug.xcconfig"; sourceTree = "<group>"; };
		6A56F852B3B6E8D31F1EB457 /* Pods-MyPilatesTests.release.xcconfig */ = {isa = PBXFileReference; includeInIndex = 1; lastKnownFileType = text.xcconfig; name = "Pods-MyPilatesTests.release.xcconfig"; path = "Target Support Files/Pods-MyPilatesTests/Pods-MyPilatesTests.release.xcconfig"; sourceTree = "<group>"; };
		72A47733FCECAF7D607E607F /* Pods_MyPilates.framework */ = {isa = PBXFileReference; explicitFileType = wrapper.framework; includeInIndex = 0; path = Pods_MyPilates.framework; sourceTree = BUILT_PRODUCTS_DIR; };
		961B3C58A38ED57AC06F5FCB /* Pods-MyPilates.release.xcconfig */ = {isa = PBXFileReference; includeInIndex = 1; lastKnownFileType = text.xcconfig; name = "Pods-MyPilates.release.xcconfig"; path = "Target Support Files/Pods-MyPilates/Pods-MyPilates.release.xcconfig"; sourceTree = "<group>"; };
		ADEE1EF06C3B2DE17ABCFCCC /* Pods-MyPilates-MyPilatesUITests.release.xcconfig */ = {isa = PBXFileReference; includeInIndex = 1; lastKnownFileType = text.xcconfig; name = "Pods-MyPilates-MyPilatesUITests.release.xcconfig"; path = "Target Support Files/Pods-MyPilates-MyPilatesUITests/Pods-MyPilates-MyPilatesUITests.release.xcconfig"; sourceTree = "<group>"; };
		B1D9308CE269E7771C28097C /* Pods-MyPilatesTests.debug.xcconfig */ = {isa = PBXFileReference; includeInIndex = 1; lastKnownFileType = text.xcconfig; name = "Pods-MyPilatesTests.debug.xcconfig"; path = "Target Support Files/Pods-MyPilatesTests/Pods-MyPilatesTests.debug.xcconfig"; sourceTree = "<group>"; };
		C9AE5A57FB8D3464DC6F7733 /* Pods-MyPilates.debug.xcconfig */ = {isa = PBXFileReference; includeInIndex = 1; lastKnownFileType = text.xcconfig; name = "Pods-MyPilates.debug.xcconfig"; path = "Target Support Files/Pods-MyPilates/Pods-MyPilates.debug.xcconfig"; sourceTree = "<group>"; };
		E768F5FD6399EF3E6DCFCDC9 /* Pods_MyPilates_MyPilatesUITests.framework */ = {isa = PBXFileReference; explicitFileType = wrapper.framework; includeInIndex = 0; path = Pods_MyPilates_MyPilatesUITests.framework; sourceTree = BUILT_PRODUCTS_DIR; };
		EA1C952779BACBF1EC280719 /* Pods_MyPilatesTests.framework */ = {isa = PBXFileReference; explicitFileType = wrapper.framework; includeInIndex = 0; path = Pods_MyPilatesTests.framework; sourceTree = BUILT_PRODUCTS_DIR; };
/* End PBXFileReference section */

/* Begin PBXFrameworksBuildPhase section */
		3A776F23291CC2F500F5936E /* Frameworks */ = {
			isa = PBXFrameworksBuildPhase;
			buildActionMask = 2147483647;
			files = (
				E23B2BE3E7920E9E87BD5053 /* Pods_MyPilates.framework in Frameworks */,
			);
			runOnlyForDeploymentPostprocessing = 0;
		};
		3A776F39291CC2F500F5936E /* Frameworks */ = {
			isa = PBXFrameworksBuildPhase;
			buildActionMask = 2147483647;
			files = (
				80E1B748947B8CE947B489BD /* Pods_MyPilatesTests.framework in Frameworks */,
			);
			runOnlyForDeploymentPostprocessing = 0;
		};
		3A776F43291CC2F500F5936E /* Frameworks */ = {
			isa = PBXFrameworksBuildPhase;
			buildActionMask = 2147483647;
			files = (
				744092247889EA493647F353 /* Pods_MyPilates_MyPilatesUITests.framework in Frameworks */,
			);
			runOnlyForDeploymentPostprocessing = 0;
		};
/* End PBXFrameworksBuildPhase section */

/* Begin PBXGroup section */
		250C3E3AACBECA20B01965A6 /* Frameworks */ = {
			isa = PBXGroup;
			children = (
				72A47733FCECAF7D607E607F /* Pods_MyPilates.framework */,
				E768F5FD6399EF3E6DCFCDC9 /* Pods_MyPilates_MyPilatesUITests.framework */,
				EA1C952779BACBF1EC280719 /* Pods_MyPilatesTests.framework */,
			);
			name = Frameworks;
			sourceTree = "<group>";
		};
		3A776F1D291CC2F500F5936E = {
			isa = PBXGroup;
			children = (
				3A776F28291CC2F500F5936E /* MyPilates */,
				3A776F3F291CC2F500F5936E /* MyPilatesTests */,
				3A776F49291CC2F500F5936E /* MyPilatesUITests */,
				3A776F27291CC2F500F5936E /* Products */,
				D512DFC143611AA4FAEFFFC9 /* Pods */,
				250C3E3AACBECA20B01965A6 /* Frameworks */,
			);
			sourceTree = "<group>";
		};
		3A776F27291CC2F500F5936E /* Products */ = {
			isa = PBXGroup;
			children = (
				3A776F26291CC2F500F5936E /* MyPilates.app */,
				3A776F3C291CC2F500F5936E /* MyPilatesTests.xctest */,
				3A776F46291CC2F500F5936E /* MyPilatesUITests.xctest */,
			);
			name = Products;
			sourceTree = "<group>";
		};
		3A776F28291CC2F500F5936E /* MyPilates */ = {
			isa = PBXGroup;
			children = (
				3A776F75291CE90400F5936E /* Domain */,
				3A776F74291CE8CD00F5936E /* Data */,
				3A776F76291CE91400F5936E /* Application */,
				3A776F7F291CE9AE00F5936E /* Feature */,
				3A776F5D291CD68500F5936E /* Common */,
				3A776F6A291CE80600F5936E /* Asset */,
			);
			path = MyPilates;
			sourceTree = "<group>";
		};
		3A776F3F291CC2F500F5936E /* MyPilatesTests */ = {
			isa = PBXGroup;
			children = (
				3A776F40291CC2F500F5936E /* MyPilatesTests.swift */,
			);
			path = MyPilatesTests;
			sourceTree = "<group>";
		};
		3A776F49291CC2F500F5936E /* MyPilatesUITests */ = {
			isa = PBXGroup;
			children = (
				3A776F4A291CC2F500F5936E /* MyPilatesUITests.swift */,
				3A776F4C291CC2F500F5936E /* MyPilatesUITestsLaunchTests.swift */,
			);
			path = MyPilatesUITests;
			sourceTree = "<group>";
		};
		3A776F5D291CD68500F5936E /* Common */ = {
			isa = PBXGroup;
			children = (
				3A776F73291CE88400F5936E /* Extensions */,
				3A776F72291CE87D00F5936E /* ViewCotroller */,
				3A776F71291CE87800F5936E /* ViewModel */,
				3A776F70291CE87200F5936E /* View */,
			);
			path = Common;
			sourceTree = "<group>";
		};
		3A776F6A291CE80600F5936E /* Asset */ = {
			isa = PBXGroup;
			children = (
				3A776F82291CEC7400F5936E /* R.generated.swift */,
				3A776F34291CC2F500F5936E /* LaunchScreen.storyboard */,
				3A776F6F291CE84F00F5936E /* Plist */,
				3A776F6B291CE81200F5936E /* Design */,
			);
			path = Asset;
			sourceTree = "<group>";
		};
		3A776F6B291CE81200F5936E /* Design */ = {
			isa = PBXGroup;
			children = (
				3A776F6E291CE84000F5936E /* Fonts */,
				3A776F32291CC2F500F5936E /* Images.xcassets */,
				3A776F6C291CE83000F5936E /* Colors.xcassets */,
			);
			path = Design;
			sourceTree = "<group>";
		};
		3A776F6E291CE84000F5936E /* Fonts */ = {
			isa = PBXGroup;
			children = (
			);
			path = Fonts;
			sourceTree = "<group>";
		};
		3A776F6F291CE84F00F5936E /* Plist */ = {
			isa = PBXGroup;
			children = (
				3A776F37291CC2F500F5936E /* Info.plist */,
				3A776F59291CC49700F5936E /* GoogleService-Info.plist */,
			);
			path = Plist;
			sourceTree = "<group>";
		};
		3A776F70291CE87200F5936E /* View */ = {
			isa = PBXGroup;
			children = (
				3A776F64291CE10700F5936E /* HasCustomView.swift */,
				3A776F62291CDA7500F5936E /* BaseView.swift */,
			);
			path = View;
			sourceTree = "<group>";
		};
		3A776F71291CE87800F5936E /* ViewModel */ = {
			isa = PBXGroup;
			children = (
				3A776F68291CE7E900F5936E /* ViewModelType.swift */,
			);
			path = ViewModel;
			sourceTree = "<group>";
		};
		3A776F72291CE87D00F5936E /* ViewCotroller */ = {
			isa = PBXGroup;
			children = (
				3A776F5E291CD69600F5936E /* BaseViewController.swift */,
			);
			path = ViewCotroller;
			sourceTree = "<group>";
		};
		3A776F73291CE88400F5936E /* Extensions */ = {
			isa = PBXGroup;
			children = (
			);
			path = Extensions;
			sourceTree = "<group>";
		};
		3A776F74291CE8CD00F5936E /* Data */ = {
			isa = PBXGroup;
			children = (
				3A776F7D291CE95C00F5936E /* Mapper */,
				3A776F7C291CE95700F5936E /* Repository */,
				3A776F79291CE93C00F5936E /* DataSource */,
				3A776F7E291CE96F00F5936E /* Model */,
			);
			path = Data;
			sourceTree = "<group>";
		};
		3A776F75291CE90400F5936E /* Domain */ = {
			isa = PBXGroup;
			children = (
				3A776F78291CE93100F5936E /* Entity */,
				3A776F77291CE92B00F5936E /* Repository */,
			);
			path = Domain;
			sourceTree = "<group>";
		};
		3A776F76291CE91400F5936E /* Application */ = {
			isa = PBXGroup;
			children = (
				3A776F29291CC2F500F5936E /* AppDelegate.swift */,
				3A776F5B291CD4F300F5936E /* SceneDelegate.swift */,
			);
			path = Application;
			sourceTree = "<group>";
		};
		3A776F77291CE92B00F5936E /* Repository */ = {
			isa = PBXGroup;
			children = (
			);
			path = Repository;
			sourceTree = "<group>";
		};
		3A776F78291CE93100F5936E /* Entity */ = {
			isa = PBXGroup;
			children = (
			);
			path = Entity;
			sourceTree = "<group>";
		};
		3A776F79291CE93C00F5936E /* DataSource */ = {
			isa = PBXGroup;
			children = (
				3A776F7B291CE95000F5936E /* Remote */,
				3A776F7A291CE94B00F5936E /* Local */,
			);
			path = DataSource;
			sourceTree = "<group>";
		};
		3A776F7A291CE94B00F5936E /* Local */ = {
			isa = PBXGroup;
			children = (
			);
			path = Local;
			sourceTree = "<group>";
		};
		3A776F7B291CE95000F5936E /* Remote */ = {
			isa = PBXGroup;
			children = (
			);
			path = Remote;
			sourceTree = "<group>";
		};
		3A776F7C291CE95700F5936E /* Repository */ = {
			isa = PBXGroup;
			children = (
			);
			path = Repository;
			sourceTree = "<group>";
		};
		3A776F7D291CE95C00F5936E /* Mapper */ = {
			isa = PBXGroup;
			children = (
			);
			path = Mapper;
			sourceTree = "<group>";
		};
		3A776F7E291CE96F00F5936E /* Model */ = {
			isa = PBXGroup;
			children = (
			);
			path = Model;
			sourceTree = "<group>";
		};
		3A776F7F291CE9AE00F5936E /* Feature */ = {
			isa = PBXGroup;
			children = (
				3A776F80291CE9B500F5936E /* Main */,
			);
			path = Feature;
			sourceTree = "<group>";
		};
		3A776F80291CE9B500F5936E /* Main */ = {
			isa = PBXGroup;
			children = (
				3A776F2D291CC2F500F5936E /* MainViewController.swift */,
				3A776F66291CE11B00F5936E /* MainView.swift */,
			);
			path = Main;
			sourceTree = "<group>";
		};
		D512DFC143611AA4FAEFFFC9 /* Pods */ = {
			isa = PBXGroup;
			children = (
				C9AE5A57FB8D3464DC6F7733 /* Pods-MyPilates.debug.xcconfig */,
				961B3C58A38ED57AC06F5FCB /* Pods-MyPilates.release.xcconfig */,
				46DEB6794FDDC509C7F22317 /* Pods-MyPilates-MyPilatesUITests.debug.xcconfig */,
				ADEE1EF06C3B2DE17ABCFCCC /* Pods-MyPilates-MyPilatesUITests.release.xcconfig */,
				B1D9308CE269E7771C28097C /* Pods-MyPilatesTests.debug.xcconfig */,
				6A56F852B3B6E8D31F1EB457 /* Pods-MyPilatesTests.release.xcconfig */,
			);
			path = Pods;
			sourceTree = "<group>";
		};
/* End PBXGroup section */

/* Begin PBXNativeTarget section */
		3A776F25291CC2F500F5936E /* MyPilates */ = {
			isa = PBXNativeTarget;
			buildConfigurationList = 3A776F50291CC2F500F5936E /* Build configuration list for PBXNativeTarget "MyPilates" */;
			buildPhases = (
				F72CDC8DF856D562C9078802 /* [CP] Check Pods Manifest.lock */,
				3A776F81291CEAC000F5936E /* R.swift */,
				3A776F22291CC2F500F5936E /* Sources */,
				3A776F23291CC2F500F5936E /* Frameworks */,
				3A776F24291CC2F500F5936E /* Resources */,
				7EDA8F5D8440D1AE3CA8542D /* [CP] Embed Pods Frameworks */,
			);
			buildRules = (
			);
			dependencies = (
			);
			name = MyPilates;
			productName = MyPilates;
			productReference = 3A776F26291CC2F500F5936E /* MyPilates.app */;
			productType = "com.apple.product-type.application";
		};
		3A776F3B291CC2F500F5936E /* MyPilatesTests */ = {
			isa = PBXNativeTarget;
			buildConfigurationList = 3A776F53291CC2F500F5936E /* Build configuration list for PBXNativeTarget "MyPilatesTests" */;
			buildPhases = (
				633876B8D32151C842953F43 /* [CP] Check Pods Manifest.lock */,
				3A776F38291CC2F500F5936E /* Sources */,
				3A776F39291CC2F500F5936E /* Frameworks */,
				3A776F3A291CC2F500F5936E /* Resources */,
			);
			buildRules = (
			);
			dependencies = (
				3A776F3E291CC2F500F5936E /* PBXTargetDependency */,
			);
			name = MyPilatesTests;
			productName = MyPilatesTests;
			productReference = 3A776F3C291CC2F500F5936E /* MyPilatesTests.xctest */;
			productType = "com.apple.product-type.bundle.unit-test";
		};
		3A776F45291CC2F500F5936E /* MyPilatesUITests */ = {
			isa = PBXNativeTarget;
			buildConfigurationList = 3A776F56291CC2F500F5936E /* Build configuration list for PBXNativeTarget "MyPilatesUITests" */;
			buildPhases = (
				7E1C2BFF331F9C81E9D04C26 /* [CP] Check Pods Manifest.lock */,
				3A776F42291CC2F500F5936E /* Sources */,
				3A776F43291CC2F500F5936E /* Frameworks */,
				3A776F44291CC2F500F5936E /* Resources */,
				DE17CACD0C1016B77005435C /* [CP] Embed Pods Frameworks */,
			);
			buildRules = (
			);
			dependencies = (
				3A776F48291CC2F500F5936E /* PBXTargetDependency */,
			);
			name = MyPilatesUITests;
			productName = MyPilatesUITests;
			productReference = 3A776F46291CC2F500F5936E /* MyPilatesUITests.xctest */;
			productType = "com.apple.product-type.bundle.ui-testing";
		};
/* End PBXNativeTarget section */

/* Begin PBXProject section */
		3A776F1E291CC2F500F5936E /* Project object */ = {
			isa = PBXProject;
			attributes = {
				BuildIndependentTargetsInParallel = 1;
				LastSwiftUpdateCheck = 1400;
				LastUpgradeCheck = 1400;
				TargetAttributes = {
					3A776F25291CC2F500F5936E = {
						CreatedOnToolsVersion = 14.0;
					};
					3A776F3B291CC2F500F5936E = {
						CreatedOnToolsVersion = 14.0;
						TestTargetID = 3A776F25291CC2F500F5936E;
					};
					3A776F45291CC2F500F5936E = {
						CreatedOnToolsVersion = 14.0;
						TestTargetID = 3A776F25291CC2F500F5936E;
					};
				};
			};
			buildConfigurationList = 3A776F21291CC2F500F5936E /* Build configuration list for PBXProject "MyPilates" */;
			compatibilityVersion = "Xcode 14.0";
			developmentRegion = en;
			hasScannedForEncodings = 0;
			knownRegions = (
				en,
				Base,
			);
			mainGroup = 3A776F1D291CC2F500F5936E;
			productRefGroup = 3A776F27291CC2F500F5936E /* Products */;
			projectDirPath = "";
			projectRoot = "";
			targets = (
				3A776F25291CC2F500F5936E /* MyPilates */,
				3A776F3B291CC2F500F5936E /* MyPilatesTests */,
				3A776F45291CC2F500F5936E /* MyPilatesUITests */,
			);
		};
/* End PBXProject section */

/* Begin PBXResourcesBuildPhase section */
		3A776F24291CC2F500F5936E /* Resources */ = {
			isa = PBXResourcesBuildPhase;
			buildActionMask = 2147483647;
			files = (
				3A776F36291CC2F500F5936E /* LaunchScreen.storyboard in Resources */,
				3A776F6D291CE83000F5936E /* Colors.xcassets in Resources */,
				3A776F5A291CC49700F5936E /* GoogleService-Info.plist in Resources */,
				3A776F33291CC2F500F5936E /* Images.xcassets in Resources */,
			);
			runOnlyForDeploymentPostprocessing = 0;
		};
		3A776F3A291CC2F500F5936E /* Resources */ = {
			isa = PBXResourcesBuildPhase;
			buildActionMask = 2147483647;
			files = (
			);
			runOnlyForDeploymentPostprocessing = 0;
		};
		3A776F44291CC2F500F5936E /* Resources */ = {
			isa = PBXResourcesBuildPhase;
			buildActionMask = 2147483647;
			files = (
			);
			runOnlyForDeploymentPostprocessing = 0;
		};
/* End PBXResourcesBuildPhase section */

/* Begin PBXShellScriptBuildPhase section */
		3A776F81291CEAC000F5936E /* R.swift */ = {
			isa = PBXShellScriptBuildPhase;
			alwaysOutOfDate = 1;
			buildActionMask = 2147483647;
			files = (
			);
			inputFileListPaths = (
			);
			inputPaths = (
			);
			name = R.swift;
			outputFileListPaths = (
			);
			outputPaths = (
				$SRCROOT/R.generated.swift,
			);
			runOnlyForDeploymentPostprocessing = 0;
			shellPath = /bin/sh;
			shellScript = "# Type a script or drag a script file from your workspace to insert its path.\n\"$PODS_ROOT/R.swift/rswift\" generate \"$SRCROOT/R.generated.swift\"\n";
		};
		633876B8D32151C842953F43 /* [CP] Check Pods Manifest.lock */ = {
			isa = PBXShellScriptBuildPhase;
			buildActionMask = 2147483647;
			files = (
			);
			inputFileListPaths = (
			);
			inputPaths = (
				"${PODS_PODFILE_DIR_PATH}/Podfile.lock",
				"${PODS_ROOT}/Manifest.lock",
			);
			name = "[CP] Check Pods Manifest.lock";
			outputFileListPaths = (
			);
			outputPaths = (
				"$(DERIVED_FILE_DIR)/Pods-MyPilatesTests-checkManifestLockResult.txt",
			);
			runOnlyForDeploymentPostprocessing = 0;
			shellPath = /bin/sh;
			shellScript = "diff \"${PODS_PODFILE_DIR_PATH}/Podfile.lock\" \"${PODS_ROOT}/Manifest.lock\" > /dev/null\nif [ $? != 0 ] ; then\n    # print error to STDERR\n    echo \"error: The sandbox is not in sync with the Podfile.lock. Run 'pod install' or update your CocoaPods installation.\" >&2\n    exit 1\nfi\n# This output is used by Xcode 'outputs' to avoid re-running this script phase.\necho \"SUCCESS\" > \"${SCRIPT_OUTPUT_FILE_0}\"\n";
			showEnvVarsInLog = 0;
		};
		7E1C2BFF331F9C81E9D04C26 /* [CP] Check Pods Manifest.lock */ = {
			isa = PBXShellScriptBuildPhase;
			buildActionMask = 2147483647;
			files = (
			);
			inputFileListPaths = (
			);
			inputPaths = (
				"${PODS_PODFILE_DIR_PATH}/Podfile.lock",
				"${PODS_ROOT}/Manifest.lock",
			);
			name = "[CP] Check Pods Manifest.lock";
			outputFileListPaths = (
			);
			outputPaths = (
				"$(DERIVED_FILE_DIR)/Pods-MyPilates-MyPilatesUITests-checkManifestLockResult.txt",
			);
			runOnlyForDeploymentPostprocessing = 0;
			shellPath = /bin/sh;
			shellScript = "diff \"${PODS_PODFILE_DIR_PATH}/Podfile.lock\" \"${PODS_ROOT}/Manifest.lock\" > /dev/null\nif [ $? != 0 ] ; then\n    # print error to STDERR\n    echo \"error: The sandbox is not in sync with the Podfile.lock. Run 'pod install' or update your CocoaPods installation.\" >&2\n    exit 1\nfi\n# This output is used by Xcode 'outputs' to avoid re-running this script phase.\necho \"SUCCESS\" > \"${SCRIPT_OUTPUT_FILE_0}\"\n";
			showEnvVarsInLog = 0;
		};
		7EDA8F5D8440D1AE3CA8542D /* [CP] Embed Pods Frameworks */ = {
			isa = PBXShellScriptBuildPhase;
			buildActionMask = 2147483647;
			files = (
			);
			inputFileListPaths = (
				"${PODS_ROOT}/Target Support Files/Pods-MyPilates/Pods-MyPilates-frameworks-${CONFIGURATION}-input-files.xcfilelist",
			);
			name = "[CP] Embed Pods Frameworks";
			outputFileListPaths = (
				"${PODS_ROOT}/Target Support Files/Pods-MyPilates/Pods-MyPilates-frameworks-${CONFIGURATION}-output-files.xcfilelist",
			);
			runOnlyForDeploymentPostprocessing = 0;
			shellPath = /bin/sh;
			shellScript = "\"${PODS_ROOT}/Target Support Files/Pods-MyPilates/Pods-MyPilates-frameworks.sh\"\n";
			showEnvVarsInLog = 0;
		};
		DE17CACD0C1016B77005435C /* [CP] Embed Pods Frameworks */ = {
			isa = PBXShellScriptBuildPhase;
			buildActionMask = 2147483647;
			files = (
			);
			inputFileListPaths = (
				"${PODS_ROOT}/Target Support Files/Pods-MyPilates-MyPilatesUITests/Pods-MyPilates-MyPilatesUITests-frameworks-${CONFIGURATION}-input-files.xcfilelist",
			);
			name = "[CP] Embed Pods Frameworks";
			outputFileListPaths = (
				"${PODS_ROOT}/Target Support Files/Pods-MyPilates-MyPilatesUITests/Pods-MyPilates-MyPilatesUITests-frameworks-${CONFIGURATION}-output-files.xcfilelist",
			);
			runOnlyForDeploymentPostprocessing = 0;
			shellPath = /bin/sh;
			shellScript = "\"${PODS_ROOT}/Target Support Files/Pods-MyPilates-MyPilatesUITests/Pods-MyPilates-MyPilatesUITests-frameworks.sh\"\n";
			showEnvVarsInLog = 0;
		};
		F72CDC8DF856D562C9078802 /* [CP] Check Pods Manifest.lock */ = {
			isa = PBXShellScriptBuildPhase;
			buildActionMask = 2147483647;
			files = (
			);
			inputFileListPaths = (
			);
			inputPaths = (
				"${PODS_PODFILE_DIR_PATH}/Podfile.lock",
				"${PODS_ROOT}/Manifest.lock",
			);
			name = "[CP] Check Pods Manifest.lock";
			outputFileListPaths = (
			);
			outputPaths = (
				"$(DERIVED_FILE_DIR)/Pods-MyPilates-checkManifestLockResult.txt",
			);
			runOnlyForDeploymentPostprocessing = 0;
			shellPath = /bin/sh;
			shellScript = "diff \"${PODS_PODFILE_DIR_PATH}/Podfile.lock\" \"${PODS_ROOT}/Manifest.lock\" > /dev/null\nif [ $? != 0 ] ; then\n    # print error to STDERR\n    echo \"error: The sandbox is not in sync with the Podfile.lock. Run 'pod install' or update your CocoaPods installation.\" >&2\n    exit 1\nfi\n# This output is used by Xcode 'outputs' to avoid re-running this script phase.\necho \"SUCCESS\" > \"${SCRIPT_OUTPUT_FILE_0}\"\n";
			showEnvVarsInLog = 0;
		};
/* End PBXShellScriptBuildPhase section */

/* Begin PBXSourcesBuildPhase section */
		3A776F22291CC2F500F5936E /* Sources */ = {
			isa = PBXSourcesBuildPhase;
			buildActionMask = 2147483647;
			files = (
				3A776F67291CE11B00F5936E /* MainView.swift in Sources */,
				3A776F2E291CC2F500F5936E /* MainViewController.swift in Sources */,
				3A776F83291CEC7400F5936E /* R.generated.swift in Sources */,
				3A776F5F291CD69600F5936E /* BaseViewController.swift in Sources */,
				3A776F65291CE10700F5936E /* HasCustomView.swift in Sources */,
				3A776F69291CE7E900F5936E /* ViewModelType.swift in Sources */,
				3A776F63291CDA7500F5936E /* BaseView.swift in Sources */,
				3A776F2A291CC2F500F5936E /* AppDelegate.swift in Sources */,
				3A776F5C291CD4F300F5936E /* SceneDelegate.swift in Sources */,
			);
			runOnlyForDeploymentPostprocessing = 0;
		};
		3A776F38291CC2F500F5936E /* Sources */ = {
			isa = PBXSourcesBuildPhase;
			buildActionMask = 2147483647;
			files = (
				3A776F41291CC2F500F5936E /* MyPilatesTests.swift in Sources */,
			);
			runOnlyForDeploymentPostprocessing = 0;
		};
		3A776F42291CC2F500F5936E /* Sources */ = {
			isa = PBXSourcesBuildPhase;
			buildActionMask = 2147483647;
			files = (
				3A776F4B291CC2F500F5936E /* MyPilatesUITests.swift in Sources */,
				3A776F4D291CC2F500F5936E /* MyPilatesUITestsLaunchTests.swift in Sources */,
			);
			runOnlyForDeploymentPostprocessing = 0;
		};
/* End PBXSourcesBuildPhase section */

/* Begin PBXTargetDependency section */
		3A776F3E291CC2F500F5936E /* PBXTargetDependency */ = {
			isa = PBXTargetDependency;
			target = 3A776F25291CC2F500F5936E /* MyPilates */;
			targetProxy = 3A776F3D291CC2F500F5936E /* PBXContainerItemProxy */;
		};
		3A776F48291CC2F500F5936E /* PBXTargetDependency */ = {
			isa = PBXTargetDependency;
			target = 3A776F25291CC2F500F5936E /* MyPilates */;
			targetProxy = 3A776F47291CC2F500F5936E /* PBXContainerItemProxy */;
		};
/* End PBXTargetDependency section */

/* Begin PBXVariantGroup section */
		3A776F34291CC2F500F5936E /* LaunchScreen.storyboard */ = {
			isa = PBXVariantGroup;
			children = (
				3A776F35291CC2F500F5936E /* Base */,
			);
			name = LaunchScreen.storyboard;
			sourceTree = "<group>";
		};
/* End PBXVariantGroup section */

/* Begin XCBuildConfiguration section */
		3A776F4E291CC2F500F5936E /* Debug */ = {
			isa = XCBuildConfiguration;
			buildSettings = {
				ALWAYS_SEARCH_USER_PATHS = NO;
				CLANG_ANALYZER_NONNULL = YES;
				CLANG_ANALYZER_NUMBER_OBJECT_CONVERSION = YES_AGGRESSIVE;
				CLANG_CXX_LANGUAGE_STANDARD = "gnu++20";
				CLANG_ENABLE_MODULES = YES;
				CLANG_ENABLE_OBJC_ARC = YES;
				CLANG_ENABLE_OBJC_WEAK = YES;
				CLANG_WARN_BLOCK_CAPTURE_AUTORELEASING = YES;
				CLANG_WARN_BOOL_CONVERSION = YES;
				CLANG_WARN_COMMA = YES;
				CLANG_WARN_CONSTANT_CONVERSION = YES;
				CLANG_WARN_DEPRECATED_OBJC_IMPLEMENTATIONS = YES;
				CLANG_WARN_DIRECT_OBJC_ISA_USAGE = YES_ERROR;
				CLANG_WARN_DOCUMENTATION_COMMENTS = YES;
				CLANG_WARN_EMPTY_BODY = YES;
				CLANG_WARN_ENUM_CONVERSION = YES;
				CLANG_WARN_INFINITE_RECURSION = YES;
				CLANG_WARN_INT_CONVERSION = YES;
				CLANG_WARN_NON_LITERAL_NULL_CONVERSION = YES;
				CLANG_WARN_OBJC_IMPLICIT_RETAIN_SELF = YES;
				CLANG_WARN_OBJC_LITERAL_CONVERSION = YES;
				CLANG_WARN_OBJC_ROOT_CLASS = YES_ERROR;
				CLANG_WARN_QUOTED_INCLUDE_IN_FRAMEWORK_HEADER = YES;
				CLANG_WARN_RANGE_LOOP_ANALYSIS = YES;
				CLANG_WARN_STRICT_PROTOTYPES = YES;
				CLANG_WARN_SUSPICIOUS_MOVE = YES;
				CLANG_WARN_UNGUARDED_AVAILABILITY = YES_AGGRESSIVE;
				CLANG_WARN_UNREACHABLE_CODE = YES;
				CLANG_WARN__DUPLICATE_METHOD_MATCH = YES;
				COPY_PHASE_STRIP = NO;
				DEBUG_INFORMATION_FORMAT = dwarf;
				ENABLE_STRICT_OBJC_MSGSEND = YES;
				ENABLE_TESTABILITY = YES;
				GCC_C_LANGUAGE_STANDARD = gnu11;
				GCC_DYNAMIC_NO_PIC = NO;
				GCC_NO_COMMON_BLOCKS = YES;
				GCC_OPTIMIZATION_LEVEL = 0;
				GCC_PREPROCESSOR_DEFINITIONS = (
					"DEBUG=1",
					"$(inherited)",
				);
				GCC_WARN_64_TO_32_BIT_CONVERSION = YES;
				GCC_WARN_ABOUT_RETURN_TYPE = YES_ERROR;
				GCC_WARN_UNDECLARED_SELECTOR = YES;
				GCC_WARN_UNINITIALIZED_AUTOS = YES_AGGRESSIVE;
				GCC_WARN_UNUSED_FUNCTION = YES;
				GCC_WARN_UNUSED_VARIABLE = YES;
				IPHONEOS_DEPLOYMENT_TARGET = 16.0;
				MTL_ENABLE_DEBUG_INFO = INCLUDE_SOURCE;
				MTL_FAST_MATH = YES;
				ONLY_ACTIVE_ARCH = YES;
				SDKROOT = iphoneos;
				SWIFT_ACTIVE_COMPILATION_CONDITIONS = DEBUG;
				SWIFT_OPTIMIZATION_LEVEL = "-Onone";
			};
			name = Debug;
		};
		3A776F4F291CC2F500F5936E /* Release */ = {
			isa = XCBuildConfiguration;
			buildSettings = {
				ALWAYS_SEARCH_USER_PATHS = NO;
				CLANG_ANALYZER_NONNULL = YES;
				CLANG_ANALYZER_NUMBER_OBJECT_CONVERSION = YES_AGGRESSIVE;
				CLANG_CXX_LANGUAGE_STANDARD = "gnu++20";
				CLANG_ENABLE_MODULES = YES;
				CLANG_ENABLE_OBJC_ARC = YES;
				CLANG_ENABLE_OBJC_WEAK = YES;
				CLANG_WARN_BLOCK_CAPTURE_AUTORELEASING = YES;
				CLANG_WARN_BOOL_CONVERSION = YES;
				CLANG_WARN_COMMA = YES;
				CLANG_WARN_CONSTANT_CONVERSION = YES;
				CLANG_WARN_DEPRECATED_OBJC_IMPLEMENTATIONS = YES;
				CLANG_WARN_DIRECT_OBJC_ISA_USAGE = YES_ERROR;
				CLANG_WARN_DOCUMENTATION_COMMENTS = YES;
				CLANG_WARN_EMPTY_BODY = YES;
				CLANG_WARN_ENUM_CONVERSION = YES;
				CLANG_WARN_INFINITE_RECURSION = YES;
				CLANG_WARN_INT_CONVERSION = YES;
				CLANG_WARN_NON_LITERAL_NULL_CONVERSION = YES;
				CLANG_WARN_OBJC_IMPLICIT_RETAIN_SELF = YES;
				CLANG_WARN_OBJC_LITERAL_CONVERSION = YES;
				CLANG_WARN_OBJC_ROOT_CLASS = YES_ERROR;
				CLANG_WARN_QUOTED_INCLUDE_IN_FRAMEWORK_HEADER = YES;
				CLANG_WARN_RANGE_LOOP_ANALYSIS = YES;
				CLANG_WARN_STRICT_PROTOTYPES = YES;
				CLANG_WARN_SUSPICIOUS_MOVE = YES;
				CLANG_WARN_UNGUARDED_AVAILABILITY = YES_AGGRESSIVE;
				CLANG_WARN_UNREACHABLE_CODE = YES;
				CLANG_WARN__DUPLICATE_METHOD_MATCH = YES;
				COPY_PHASE_STRIP = NO;
				DEBUG_INFORMATION_FORMAT = "dwarf-with-dsym";
				ENABLE_NS_ASSERTIONS = NO;
				ENABLE_STRICT_OBJC_MSGSEND = YES;
				GCC_C_LANGUAGE_STANDARD = gnu11;
				GCC_NO_COMMON_BLOCKS = YES;
				GCC_WARN_64_TO_32_BIT_CONVERSION = YES;
				GCC_WARN_ABOUT_RETURN_TYPE = YES_ERROR;
				GCC_WARN_UNDECLARED_SELECTOR = YES;
				GCC_WARN_UNINITIALIZED_AUTOS = YES_AGGRESSIVE;
				GCC_WARN_UNUSED_FUNCTION = YES;
				GCC_WARN_UNUSED_VARIABLE = YES;
				IPHONEOS_DEPLOYMENT_TARGET = 16.0;
				MTL_ENABLE_DEBUG_INFO = NO;
				MTL_FAST_MATH = YES;
				SDKROOT = iphoneos;
				SWIFT_COMPILATION_MODE = wholemodule;
				SWIFT_OPTIMIZATION_LEVEL = "-O";
				VALIDATE_PRODUCT = YES;
			};
			name = Release;
		};
		3A776F51291CC2F500F5936E /* Debug */ = {
			isa = XCBuildConfiguration;
			baseConfigurationReference = C9AE5A57FB8D3464DC6F7733 /* Pods-MyPilates.debug.xcconfig */;
			buildSettings = {
				ASSETCATALOG_COMPILER_APPICON_NAME = AppIcon;
				ASSETCATALOG_COMPILER_GLOBAL_ACCENT_COLOR_NAME = AccentColor;
				CODE_SIGN_STYLE = Automatic;
				CURRENT_PROJECT_VERSION = 1;
				DEVELOPMENT_TEAM = FP8CB3BY93;
				GENERATE_INFOPLIST_FILE = YES;
				INFOPLIST_FILE = MyPilates/Asset/Plist/Info.plist;
				INFOPLIST_KEY_UIApplicationSupportsIndirectInputEvents = YES;
				INFOPLIST_KEY_UILaunchStoryboardName = LaunchScreen;
				INFOPLIST_KEY_UISupportedInterfaceOrientations_iPad = "UIInterfaceOrientationPortrait UIInterfaceOrientationPortraitUpsideDown UIInterfaceOrientationLandscapeLeft UIInterfaceOrientationLandscapeRight";
				INFOPLIST_KEY_UISupportedInterfaceOrientations_iPhone = "UIInterfaceOrientationPortrait UIInterfaceOrientationLandscapeLeft UIInterfaceOrientationLandscapeRight";
				LD_RUNPATH_SEARCH_PATHS = (
					"$(inherited)",
					"@executable_path/Frameworks",
				);
				MARKETING_VERSION = 1.0;
				PRODUCT_BUNDLE_IDENTIFIER = com.velmash.MyPilates;
				PRODUCT_NAME = "$(TARGET_NAME)";
				SUPPORTED_PLATFORMS = "iphoneos iphonesimulator";
				SUPPORTS_MACCATALYST = NO;
				SUPPORTS_MAC_DESIGNED_FOR_IPHONE_IPAD = NO;
				SWIFT_EMIT_LOC_STRINGS = YES;
				SWIFT_VERSION = 5.0;
				TARGETED_DEVICE_FAMILY = 1;
			};
			name = Debug;
		};
		3A776F52291CC2F500F5936E /* Release */ = {
			isa = XCBuildConfiguration;
			baseConfigurationReference = 961B3C58A38ED57AC06F5FCB /* Pods-MyPilates.release.xcconfig */;
			buildSettings = {
				ASSETCATALOG_COMPILER_APPICON_NAME = AppIcon;
				ASSETCATALOG_COMPILER_GLOBAL_ACCENT_COLOR_NAME = AccentColor;
				CODE_SIGN_STYLE = Automatic;
				CURRENT_PROJECT_VERSION = 1;
				DEVELOPMENT_TEAM = FP8CB3BY93;
				GENERATE_INFOPLIST_FILE = YES;
				INFOPLIST_FILE = MyPilates/Asset/Plist/Info.plist;
				INFOPLIST_KEY_UIApplicationSupportsIndirectInputEvents = YES;
				INFOPLIST_KEY_UILaunchStoryboardName = LaunchScreen;
				INFOPLIST_KEY_UISupportedInterfaceOrientations_iPad = "UIInterfaceOrientationPortrait UIInterfaceOrientationPortraitUpsideDown UIInterfaceOrientationLandscapeLeft UIInterfaceOrientationLandscapeRight";
				INFOPLIST_KEY_UISupportedInterfaceOrientations_iPhone = "UIInterfaceOrientationPortrait UIInterfaceOrientationLandscapeLeft UIInterfaceOrientationLandscapeRight";
				LD_RUNPATH_SEARCH_PATHS = (
					"$(inherited)",
					"@executable_path/Frameworks",
				);
				MARKETING_VERSION = 1.0;
				PRODUCT_BUNDLE_IDENTIFIER = com.velmash.MyPilates;
				PRODUCT_NAME = "$(TARGET_NAME)";
				SUPPORTED_PLATFORMS = "iphoneos iphonesimulator";
				SUPPORTS_MACCATALYST = NO;
				SUPPORTS_MAC_DESIGNED_FOR_IPHONE_IPAD = NO;
				SWIFT_EMIT_LOC_STRINGS = YES;
				SWIFT_VERSION = 5.0;
				TARGETED_DEVICE_FAMILY = 1;
			};
			name = Release;
		};
		3A776F54291CC2F500F5936E /* Debug */ = {
			isa = XCBuildConfiguration;
			baseConfigurationReference = B1D9308CE269E7771C28097C /* Pods-MyPilatesTests.debug.xcconfig */;
			buildSettings = {
				ALWAYS_EMBED_SWIFT_STANDARD_LIBRARIES = YES;
				BUNDLE_LOADER = "$(TEST_HOST)";
				CODE_SIGN_STYLE = Automatic;
				CURRENT_PROJECT_VERSION = 1;
				DEVELOPMENT_TEAM = FP8CB3BY93;
				GENERATE_INFOPLIST_FILE = YES;
				IPHONEOS_DEPLOYMENT_TARGET = 16.0;
				MARKETING_VERSION = 1.0;
				PRODUCT_BUNDLE_IDENTIFIER = com.velmash.MyPilatesTests;
				PRODUCT_NAME = "$(TARGET_NAME)";
				SWIFT_EMIT_LOC_STRINGS = NO;
				SWIFT_VERSION = 5.0;
				TARGETED_DEVICE_FAMILY = "1,2";
				TEST_HOST = "$(BUILT_PRODUCTS_DIR)/MyPilates.app/$(BUNDLE_EXECUTABLE_FOLDER_PATH)/MyPilates";
			};
			name = Debug;
		};
		3A776F55291CC2F500F5936E /* Release */ = {
			isa = XCBuildConfiguration;
			baseConfigurationReference = 6A56F852B3B6E8D31F1EB457 /* Pods-MyPilatesTests.release.xcconfig */;
			buildSettings = {
				ALWAYS_EMBED_SWIFT_STANDARD_LIBRARIES = YES;
				BUNDLE_LOADER = "$(TEST_HOST)";
				CODE_SIGN_STYLE = Automatic;
				CURRENT_PROJECT_VERSION = 1;
				DEVELOPMENT_TEAM = FP8CB3BY93;
				GENERATE_INFOPLIST_FILE = YES;
				IPHONEOS_DEPLOYMENT_TARGET = 16.0;
				MARKETING_VERSION = 1.0;
				PRODUCT_BUNDLE_IDENTIFIER = com.velmash.MyPilatesTests;
				PRODUCT_NAME = "$(TARGET_NAME)";
				SWIFT_EMIT_LOC_STRINGS = NO;
				SWIFT_VERSION = 5.0;
				TARGETED_DEVICE_FAMILY = "1,2";
				TEST_HOST = "$(BUILT_PRODUCTS_DIR)/MyPilates.app/$(BUNDLE_EXECUTABLE_FOLDER_PATH)/MyPilates";
			};
			name = Release;
		};
		3A776F57291CC2F500F5936E /* Debug */ = {
			isa = XCBuildConfiguration;
			baseConfigurationReference = 46DEB6794FDDC509C7F22317 /* Pods-MyPilates-MyPilatesUITests.debug.xcconfig */;
			buildSettings = {
				ALWAYS_EMBED_SWIFT_STANDARD_LIBRARIES = YES;
				CODE_SIGN_STYLE = Automatic;
				CURRENT_PROJECT_VERSION = 1;
				DEVELOPMENT_TEAM = FP8CB3BY93;
				GENERATE_INFOPLIST_FILE = YES;
				MARKETING_VERSION = 1.0;
				PRODUCT_BUNDLE_IDENTIFIER = com.velmash.MyPilatesUITests;
				PRODUCT_NAME = "$(TARGET_NAME)";
				SWIFT_EMIT_LOC_STRINGS = NO;
				SWIFT_VERSION = 5.0;
				TARGETED_DEVICE_FAMILY = "1,2";
				TEST_TARGET_NAME = MyPilates;
			};
			name = Debug;
		};
		3A776F58291CC2F500F5936E /* Release */ = {
			isa = XCBuildConfiguration;
			baseConfigurationReference = ADEE1EF06C3B2DE17ABCFCCC /* Pods-MyPilates-MyPilatesUITests.release.xcconfig */;
			buildSettings = {
				ALWAYS_EMBED_SWIFT_STANDARD_LIBRARIES = YES;
				CODE_SIGN_STYLE = Automatic;
				CURRENT_PROJECT_VERSION = 1;
				DEVELOPMENT_TEAM = FP8CB3BY93;
				GENERATE_INFOPLIST_FILE = YES;
				MARKETING_VERSION = 1.0;
				PRODUCT_BUNDLE_IDENTIFIER = com.velmash.MyPilatesUITests;
				PRODUCT_NAME = "$(TARGET_NAME)";
				SWIFT_EMIT_LOC_STRINGS = NO;
				SWIFT_VERSION = 5.0;
				TARGETED_DEVICE_FAMILY = "1,2";
				TEST_TARGET_NAME = MyPilates;
			};
			name = Release;
		};
/* End XCBuildConfiguration section */

/* Begin XCConfigurationList section */
		3A776F21291CC2F500F5936E /* Build configuration list for PBXProject "MyPilates" */ = {
			isa = XCConfigurationList;
			buildConfigurations = (
				3A776F4E291CC2F500F5936E /* Debug */,
				3A776F4F291CC2F500F5936E /* Release */,
			);
			defaultConfigurationIsVisible = 0;
			defaultConfigurationName = Release;
		};
		3A776F50291CC2F500F5936E /* Build configuration list for PBXNativeTarget "MyPilates" */ = {
			isa = XCConfigurationList;
			buildConfigurations = (
				3A776F51291CC2F500F5936E /* Debug */,
				3A776F52291CC2F500F5936E /* Release */,
			);
			defaultConfigurationIsVisible = 0;
			defaultConfigurationName = Release;
		};
		3A776F53291CC2F500F5936E /* Build configuration list for PBXNativeTarget "MyPilatesTests" */ = {
			isa = XCConfigurationList;
			buildConfigurations = (
				3A776F54291CC2F500F5936E /* Debug */,
				3A776F55291CC2F500F5936E /* Release */,
			);
			defaultConfigurationIsVisible = 0;
			defaultConfigurationName = Release;
		};
		3A776F56291CC2F500F5936E /* Build configuration list for PBXNativeTarget "MyPilatesUITests" */ = {
			isa = XCConfigurationList;
			buildConfigurations = (
				3A776F57291CC2F500F5936E /* Debug */,
				3A776F58291CC2F500F5936E /* Release */,
			);
			defaultConfigurationIsVisible = 0;
			defaultConfigurationName = Release;
		};
/* End XCConfigurationList section */
	};
	rootObject = 3A776F1E291CC2F500F5936E /* Project object */;
}
